<?xml version="1.0" encoding="utf-8"?>
<Project ToolsVersion="4.0" xmlns="http://schemas.microsoft.com/developer/msbuild/2003">
  <ItemGroup>
    <ClCompile Include="NES_Emulation_Engine.cpp" />
    <ClCompile Include="CPU\Bus.cpp" />
    <ClCompile Include="CPU\R6502.cpp" />
    <ClCompile Include="PPU\R2C02.cpp" />
    <ClCompile Include="Cartridge\Cartridge.cpp" />
    <ClCompile Include="Cartridge\iNES1.0\M_000_NROM.cpp" />
    <ClCompile Include="Memory\RAM.cpp" />
  </ItemGroup>
  <ItemGroup>
    <ClInclude Include="CPU\Bus.h" />
    <ClInclude Include="Common\CommonHeaders.h" />
    <ClInclude Include="CPU\R6502.h" />
    <ClInclude Include="Memory\RAM.h" />
    <ClInclude Include="Common\PrimitiveTypes.h" />
    <ClInclude Include="Utilities\Disassembler.h" />
    <ClInclude Include="PPU\R2C02.h" />
    <ClInclude Include="PPU\PPU_Bus.h" />
    <ClInclude Include="Cartridge\Cartridge.h" />
    <ClInclude Include="Cartridge\Mapper.h" />
    <ClInclude Include="Cartridge\iNES1.0\M_000_NROM.h" />
    <ClInclude Include="Cartridge\MapperTypes.h" />
    <ClInclude Include="Common\Test.h" />
    <ClInclude Include="Common\CpuTest.h" />
  </ItemGroup>
</Project>